
Microsoft Visual Studio Solution File, Format Version 12.00
# Visual Studio 2012
Project("{8BC9CEB8-8B4A-11D0-8D11-00A0C91BC942}") = "interprocess", "interprocess\interprocess.vcxproj", "{7D7D356E-8407-4C4D-9CBB-7387B0B440BD}"
EndProject
Project("{8BC9CEB8-8B4A-11D0-8D11-00A0C91BC942}") = "server", "tests\server\server.vcxproj", "{9BC8B4C4-AC46-4840-8B77-926FDA161FA4}"
	ProjectSection(ProjectDependencies) = postProject
		{7D7D356E-8407-4C4D-9CBB-7387B0B440BD} = {7D7D356E-8407-4C4D-9CBB-7387B0B440BD}
	EndProjectSection
EndProject
Project("{8BC9CEB8-8B4A-11D0-8D11-00A0C91BC942}") = "client", "tests\client\client.vcxproj", "{BD974CEC-D291-493E-9DE1-441EB04D5289}"
	ProjectSection(ProjectDependencies) = postProject
		{7D7D356E-8407-4C4D-9CBB-7387B0B440BD} = {7D7D356E-8407-4C4D-9CBB-7387B0B440BD}
	EndProjectSection
EndProject
Project("{8BC9CEB8-8B4A-11D0-8D11-00A0C91BC942}") = "unittest", "tests\unittest\unittest.vcxproj", "{B503363D-269A-4FD5-8A69-BD3711328B76}"
EndProject
Global
	GlobalSection(SolutionConfigurationPlatforms) = preSolution
		Debug|Win32 = Debug|Win32
		Release|Win32 = Release|Win32
	EndGlobalSection
	GlobalSection(ProjectConfigurationPlatforms) = postSolution
		{7D7D356E-8407-4C4D-9CBB-7387B0B440BD}.Debug|Win32.ActiveCfg = Debug|Win32
		{7D7D356E-8407-4C4D-9CBB-7387B0B440BD}.Debug|Win32.Build.0 = Debug|Win32
		{7D7D356E-8407-4C4D-9CBB-7387B0B440BD}.Release|Win32.ActiveCfg = Release|Win32
		{7D7D356E-8407-4C4D-9CBB-7387B0B440BD}.Release|Win32.Build.0 = Release|Win32
		{9BC8B4C4-AC46-4840-8B77-926FDA161FA4}.Debug|Win32.ActiveCfg = Debug|Win32
		{9BC8B4C4-AC46-4840-8B77-926FDA161FA4}.Debug|Win32.Build.0 = Debug|Win32
		{9BC8B4C4-AC46-4840-8B77-926FDA161FA4}.Release|Win32.ActiveCfg = Release|Win32
		{9BC8B4C4-AC46-4840-8B77-926FDA161FA4}.Release|Win32.Build.0 = Release|Win32
		{BD974CEC-D291-493E-9DE1-441EB04D5289}.Debug|Win32.ActiveCfg = Debug|Win32
		{BD974CEC-D291-493E-9DE1-441EB04D5289}.Debug|Win32.Build.0 = Debug|Win32
		{BD974CEC-D291-493E-9DE1-441EB04D5289}.Release|Win32.ActiveCfg = Release|Win32
		{BD974CEC-D291-493E-9DE1-441EB04D5289}.Release|Win32.Build.0 = Release|Win32
		{B503363D-269A-4FD5-8A69-BD3711328B76}.Debug|Win32.ActiveCfg = Debug|Win32
		{B503363D-269A-4FD5-8A69-BD3711328B76}.Debug|Win32.Build.0 = Debug|Win32
		{B503363D-269A-4FD5-8A69-BD3711328B76}.Release|Win32.ActiveCfg = Release|Win32
		{B503363D-269A-4FD5-8A69-BD3711328B76}.Release|Win32.Build.0 = Release|Win32
	EndGlobalSection
	GlobalSection(SolutionProperties) = preSolution
		HideSolutionNode = FALSE
	EndGlobalSection
EndGlobal
